
Microsoft Visual Studio Solution File, Format Version 12.00
# Visual Studio 14
VisualStudioVersion = 14.0.25420.1
MinimumVisualStudioVersion = 10.0.40219.1
Project("{FAE04EC0-301F-11D3-BF4B-00C04F79EFBC}") = "FAS.Core", "FAS.Core\FAS.Core.csproj", "{3C620C0F-8C8E-407E-9077-F4586FB1B754}"
EndProject
Project("{FAE04EC0-301F-11D3-BF4B-00C04F79EFBC}") = "FAS.Domain", "FAS.Domain\FAS.Domain.csproj", "{5F9A1D4E-D50E-4540-A2BF-F1CCC45BD4D6}"
EndProject
Project("{FAE04EC0-301F-11D3-BF4B-00C04F79EFBC}") = "FAS.DAL", "FAS.DAL\FAS.DAL.csproj", "{462187BB-9234-4618-B3FE-AB2D82586818}"
EndProject
Project("{FAE04EC0-301F-11D3-BF4B-00C04F79EFBC}") = "FAS.WebUI", "FAS.WebUI\FAS.WebUI.csproj", "{382327BF-33B2-489D-9C9E-206736B29C80}"
EndProject
Global
	GlobalSection(SolutionConfigurationPlatforms) = preSolution
		Debug|Any CPU = Debug|Any CPU
		Release|Any CPU = Release|Any CPU
	EndGlobalSection
	GlobalSection(ProjectConfigurationPlatforms) = postSolution
		{3C620C0F-8C8E-407E-9077-F4586FB1B754}.Debug|Any CPU.ActiveCfg = Debug|Any CPU
		{3C620C0F-8C8E-407E-9077-F4586FB1B754}.Debug|Any CPU.Build.0 = Debug|Any CPU
		{3C620C0F-8C8E-407E-9077-F4586FB1B754}.Release|Any CPU.ActiveCfg = Release|Any CPU
		{3C620C0F-8C8E-407E-9077-F4586FB1B754}.Release|Any CPU.Build.0 = Release|Any CPU
		{5F9A1D4E-D50E-4540-A2BF-F1CCC45BD4D6}.Debug|Any CPU.ActiveCfg = Debug|Any CPU
		{5F9A1D4E-D50E-4540-A2BF-F1CCC45BD4D6}.Debug|Any CPU.Build.0 = Debug|Any CPU
		{5F9A1D4E-D50E-4540-A2BF-F1CCC45BD4D6}.Release|Any CPU.ActiveCfg = Release|Any CPU
		{5F9A1D4E-D50E-4540-A2BF-F1CCC45BD4D6}.Release|Any CPU.Build.0 = Release|Any CPU
		{462187BB-9234-4618-B3FE-AB2D82586818}.Debug|Any CPU.ActiveCfg = Debug|Any CPU
		{462187BB-9234-4618-B3FE-AB2D82586818}.Debug|Any CPU.Build.0 = Debug|Any CPU
		{462187BB-9234-4618-B3FE-AB2D82586818}.Release|Any CPU.ActiveCfg = Release|Any CPU
		{462187BB-9234-4618-B3FE-AB2D82586818}.Release|Any CPU.Build.0 = Release|Any CPU
		{382327BF-33B2-489D-9C9E-206736B29C80}.Debug|Any CPU.ActiveCfg = Debug|Any CPU
		{382327BF-33B2-489D-9C9E-206736B29C80}.Debug|Any CPU.Build.0 = Debug|Any CPU
		{382327BF-33B2-489D-9C9E-206736B29C80}.Release|Any CPU.ActiveCfg = Release|Any CPU
		{382327BF-33B2-489D-9C9E-206736B29C80}.Release|Any CPU.Build.0 = Release|Any CPU
	EndGlobalSection
	GlobalSection(SolutionProperties) = preSolution
		HideSolutionNode = FALSE
	EndGlobalSection
EndGlobal
